// !$*UTF8*$!
{
	archiveVersion = 1;
	classes = {
	};
	objectVersion = 55;
	objects = {

/* Begin PBXBuildFile section */
		3FAE971827F604B000C8A240 /* AppDelegate.swift in Sources */ = {isa = PBXBuildFile; fileRef = 3FAE971727F604B000C8A240 /* AppDelegate.swift */; };
		3FAE971A27F604B000C8A240 /* SceneDelegate.swift in Sources */ = {isa = PBXBuildFile; fileRef = 3FAE971927F604B000C8A240 /* SceneDelegate.swift */; };
		3FAE971C27F604B000C8A240 /* ViewController.swift in Sources */ = {isa = PBXBuildFile; fileRef = 3FAE971B27F604B000C8A240 /* ViewController.swift */; };
		3FAE971F27F604B000C8A240 /* Main.storyboard in Resources */ = {isa = PBXBuildFile; fileRef = 3FAE971D27F604B000C8A240 /* Main.storyboard */; };
		3FAE972127F604B000C8A240 /* Assets.xcassets in Resources */ = {isa = PBXBuildFile; fileRef = 3FAE972027F604B000C8A240 /* Assets.xcassets */; };
		3FAE972427F604B000C8A240 /* LaunchScreen.storyboard in Resources */ = {isa = PBXBuildFile; fileRef = 3FAE972227F604B000C8A240 /* LaunchScreen.storyboard */; };
		3FAE972F27F604B000C8A240 /* Kakunuri_WordGuessTests.swift in Sources */ = {isa = PBXBuildFile; fileRef = 3FAE972E27F604B000C8A240 /* Kakunuri_WordGuessTests.swift */; };
		3FAE973927F604B000C8A240 /* Kakunuri_WordGuessUITests.swift in Sources */ = {isa = PBXBuildFile; fileRef = 3FAE973827F604B000C8A240 /* Kakunuri_WordGuessUITests.swift */; };
		3FAE973B27F604B000C8A240 /* Kakunuri_WordGuessUITestsLaunchTests.swift in Sources */ = {isa = PBXBuildFile; fileRef = 3FAE973A27F604B000C8A240 /* Kakunuri_WordGuessUITestsLaunchTests.swift */; };
/* End PBXBuildFile section */

/* Begin PBXContainerItemProxy section */
		3FAE972B27F604B000C8A240 /* PBXContainerItemProxy */ = {
			isa = PBXContainerItemProxy;
			containerPortal = 3FAE970C27F604B000C8A240 /* Project object */;
			proxyType = 1;
			remoteGlobalIDString = 3FAE971327F604B000C8A240;
			remoteInfo = Kakunuri_WordGuess;
		};
		3FAE973527F604B000C8A240 /* PBXContainerItemProxy */ = {
			isa = PBXContainerItemProxy;
			containerPortal = 3FAE970C27F604B000C8A240 /* Project object */;
			proxyType = 1;
			remoteGlobalIDString = 3FAE971327F604B000C8A240;
			remoteInfo = Kakunuri_WordGuess;
		};
/* End PBXContainerItemProxy section */

/* Begin PBXFileReference section */
		3FAE971427F604B000C8A240 /* Kakunuri_WordGuess.app */ = {isa = PBXFileReference; explicitFileType = wrapper.application; includeInIndex = 0; path = Kakunuri_WordGuess.app; sourceTree = BUILT_PRODUCTS_DIR; };
		3FAE971727F604B000C8A240 /* AppDelegate.swift */ = {isa = PBXFileReference; lastKnownFileType = sourcecode.swift; path = AppDelegate.swift; sourceTree = "<group>"; };
		3FAE971927F604B000C8A240 /* SceneDelegate.swift */ = {isa = PBXFileReference; lastKnownFileType = sourcecode.swift; path = SceneDelegate.swift; sourceTree = "<group>"; };
		3FAE971B27F604B000C8A240 /* ViewController.swift */ = {isa = PBXFileReference; lastKnownFileType = sourcecode.swift; path = ViewController.swift; sourceTree = "<group>"; };
		3FAE971E27F604B000C8A240 /* Base */ = {isa = PBXFileReference; lastKnownFileType = file.storyboard; name = Base; path = Base.lproj/Main.storyboard; sourceTree = "<group>"; };
		3FAE972027F604B000C8A240 /* Assets.xcassets */ = {isa = PBXFileReference; lastKnownFileType = folder.assetcatalog; path = Assets.xcassets; sourceTree = "<group>"; };
		3FAE972327F604B000C8A240 /* Base */ = {isa = PBXFileReference; lastKnownFileType = file.storyboard; name = Base; path = Base.lproj/LaunchScreen.storyboard; sourceTree = "<group>"; };
		3FAE972527F604B000C8A240 /* Info.plist */ = {isa = PBXFileReference; lastKnownFileType = text.plist.xml; path = Info.plist; sourceTree = "<group>"; };
		3FAE972A27F604B000C8A240 /* Kakunuri_WordGuessTests.xctest */ = {isa = PBXFileReference; explicitFileType = wrapper.cfbundle; includeInIndex = 0; path = Kakunuri_WordGuessTests.xctest; sourceTree = BUILT_PRODUCTS_DIR; };
		3FAE972E27F604B000C8A240 /* Kakunuri_WordGuessTests.swift */ = {isa = PBXFileReference; lastKnownFileType = sourcecode.swift; path = Kakunuri_WordGuessTests.swift; sourceTree = "<group>"; };
		3FAE973427F604B000C8A240 /* Kakunuri_WordGuessUITests.xctest */ = {isa = PBXFileReference; explicitFileType = wrapper.cfbundle; includeInIndex = 0; path = Kakunuri_WordGuessUITests.xctest; sourceTree = BUILT_PRODUCTS_DIR; };
		3FAE973827F604B000C8A240 /* Kakunuri_WordGuessUITests.swift */ = {isa = PBXFileReference; lastKnownFileType = sourcecode.swift; path = Kakunuri_WordGuessUITests.swift; sourceTree = "<group>"; };
		3FAE973A27F604B000C8A240 /* Kakunuri_WordGuessUITestsLaunchTests.swift */ = {isa = PBXFileReference; lastKnownFileType = sourcecode.swift; path = Kakunuri_WordGuessUITestsLaunchTests.swift; sourceTree = "<group>"; };
/* End PBXFileReference section */

/* Begin PBXFrameworksBuildPhase section */
		3FAE971127F604B000C8A240 /* Frameworks */ = {
			isa = PBXFrameworksBuildPhase;
			buildActionMask = 2147483647;
			files = (
			);
			runOnlyForDeploymentPostprocessing = 0;
		};
		3FAE972727F604B000C8A240 /* Frameworks */ = {
			isa = PBXFrameworksBuildPhase;
			buildActionMask = 2147483647;
			files = (
			);
			runOnlyForDeploymentPostprocessing = 0;
		};
		3FAE973127F604B000C8A240 /* Frameworks */ = {
			isa = PBXFrameworksBuildPhase;
			buildActionMask = 2147483647;
			files = (
			);
			runOnlyForDeploymentPostprocessing = 0;
		};
/* End PBXFrameworksBuildPhase section */

/* Begin PBXGroup section */
		3FAE970B27F604B000C8A240 = {
			isa = PBXGroup;
			children = (
				3FAE971627F604B000C8A240 /* Kakunuri_WordGuess */,
				3FAE972D27F604B000C8A240 /* Kakunuri_WordGuessTests */,
				3FAE973727F604B000C8A240 /* Kakunuri_WordGuessUITests */,
				3FAE971527F604B000C8A240 /* Products */,
			);
			sourceTree = "<group>";
		};
		3FAE971527F604B000C8A240 /* Products */ = {
			isa = PBXGroup;
			children = (
				3FAE971427F604B000C8A240 /* Kakunuri_WordGuess.app */,
				3FAE972A27F604B000C8A240 /* Kakunuri_WordGuessTests.xctest */,
				3FAE973427F604B000C8A240 /* Kakunuri_WordGuessUITests.xctest */,
			);
			name = Products;
			sourceTree = "<group>";
		};
		3FAE971627F604B000C8A240 /* Kakunuri_WordGuess */ = {
			isa = PBXGroup;
			children = (
				3FAE971727F604B000C8A240 /* AppDelegate.swift */,
				3FAE971927F604B000C8A240 /* SceneDelegate.swift */,
				3FAE971B27F604B000C8A240 /* ViewController.swift */,
				3FAE971D27F604B000C8A240 /* Main.storyboard */,
				3FAE972027F604B000C8A240 /* Assets.xcassets */,
				3FAE972227F604B000C8A240 /* LaunchScreen.storyboard */,
				3FAE972527F604B000C8A240 /* Info.plist */,
			);
			path = Kakunuri_WordGuess;
			sourceTree = "<group>";
		};
		3FAE972D27F604B000C8A240 /* Kakunuri_WordGuessTests */ = {
			isa = PBXGroup;
			children = (
				3FAE972E27F604B000C8A240 /* Kakunuri_WordGuessTests.swift */,
			);
			path = Kakunuri_WordGuessTests;
			sourceTree = "<group>";
		};
		3FAE973727F604B000C8A240 /* Kakunuri_WordGuessUITests */ = {
			isa = PBXGroup;
			children = (
				3FAE973827F604B000C8A240 /* Kakunuri_WordGuessUITests.swift */,
				3FAE973A27F604B000C8A240 /* Kakunuri_WordGuessUITestsLaunchTests.swift */,
			);
			path = Kakunuri_WordGuessUITests;
			sourceTree = "<group>";
		};
/* End PBXGroup section */

/* Begin PBXNativeTarget section */
		3FAE971327F604B000C8A240 /* Kakunuri_WordGuess */ = {
			isa = PBXNativeTarget;
			buildConfigurationList = 3FAE973E27F604B000C8A240 /* Build configuration list for PBXNativeTarget "Kakunuri_WordGuess" */;
			buildPhases = (
				3FAE971027F604B000C8A240 /* Sources */,
				3FAE971127F604B000C8A240 /* Frameworks */,
				3FAE971227F604B000C8A240 /* Resources */,
			);
			buildRules = (
			);
			dependencies = (
			);
			name = Kakunuri_WordGuess;
			productName = Kakunuri_WordGuess;
			productReference = 3FAE971427F604B000C8A240 /* Kakunuri_WordGuess.app */;
			productType = "com.apple.product-type.application";
		};
		3FAE972927F604B000C8A240 /* Kakunuri_WordGuessTests */ = {
			isa = PBXNativeTarget;
			buildConfigurationList = 3FAE974127F604B000C8A240 /* Build configuration list for PBXNativeTarget "Kakunuri_WordGuessTests" */;
			buildPhases = (
				3FAE972627F604B000C8A240 /* Sources */,
				3FAE972727F604B000C8A240 /* Frameworks */,
				3FAE972827F604B000C8A240 /* Resources */,
			);
			buildRules = (
			);
			dependencies = (
				3FAE972C27F604B000C8A240 /* PBXTargetDependency */,
			);
			name = Kakunuri_WordGuessTests;
			productName = Kakunuri_WordGuessTests;
			productReference = 3FAE972A27F604B000C8A240 /* Kakunuri_WordGuessTests.xctest */;
			productType = "com.apple.product-type.bundle.unit-test";
		};
		3FAE973327F604B000C8A240 /* Kakunuri_WordGuessUITests */ = {
			isa = PBXNativeTarget;
			buildConfigurationList = 3FAE974427F604B000C8A240 /* Build configuration list for PBXNativeTarget "Kakunuri_WordGuessUITests" */;
			buildPhases = (
				3FAE973027F604B000C8A240 /* Sources */,
				3FAE973127F604B000C8A240 /* Frameworks */,
				3FAE973227F604B000C8A240 /* Resources */,
			);
			buildRules = (
			);
			dependencies = (
				3FAE973627F604B000C8A240 /* PBXTargetDependency */,
			);
			name = Kakunuri_WordGuessUITests;
			productName = Kakunuri_WordGuessUITests;
			productReference = 3FAE973427F604B000C8A240 /* Kakunuri_WordGuessUITests.xctest */;
			productType = "com.apple.product-type.bundle.ui-testing";
		};
/* End PBXNativeTarget section */

/* Begin PBXProject section */
		3FAE970C27F604B000C8A240 /* Project object */ = {
			isa = PBXProject;
			attributes = {
				BuildIndependentTargetsInParallel = 1;
				LastSwiftUpdateCheck = 1320;
				LastUpgradeCheck = 1320;
				TargetAttributes = {
					3FAE971327F604B000C8A240 = {
						CreatedOnToolsVersion = 13.2.1;
					};
					3FAE972927F604B000C8A240 = {
						CreatedOnToolsVersion = 13.2.1;
						TestTargetID = 3FAE971327F604B000C8A240;
					};
					3FAE973327F604B000C8A240 = {
						CreatedOnToolsVersion = 13.2.1;
						TestTargetID = 3FAE971327F604B000C8A240;
					};
				};
			};
			buildConfigurationList = 3FAE970F27F604B000C8A240 /* Build configuration list for PBXProject "Kakunuri_WordGuess" */;
			compatibilityVersion = "Xcode 13.0";
			developmentRegion = en;
			hasScannedForEncodings = 0;
			knownRegions = (
				en,
				Base,
			);
			mainGroup = 3FAE970B27F604B000C8A240;
			productRefGroup = 3FAE971527F604B000C8A240 /* Products */;
			projectDirPath = "";
			projectRoot = "";
			targets = (
				3FAE971327F604B000C8A240 /* Kakunuri_WordGuess */,
				3FAE972927F604B000C8A240 /* Kakunuri_WordGuessTests */,
				3FAE973327F604B000C8A240 /* Kakunuri_WordGuessUITests */,
			);
		};
/* End PBXProject section */

/* Begin PBXResourcesBuildPhase section */
		3FAE971227F604B000C8A240 /* Resources */ = {
			isa = PBXResourcesBuildPhase;
			buildActionMask = 2147483647;
			files = (
				3FAE972427F604B000C8A240 /* LaunchScreen.storyboard in Resources */,
				3FAE972127F604B000C8A240 /* Assets.xcassets in Resources */,
				3FAE971F27F604B000C8A240 /* Main.storyboard in Resources */,
			);
			runOnlyForDeploymentPostprocessing = 0;
		};
		3FAE972827F604B000C8A240 /* Resources */ = {
			isa = PBXResourcesBuildPhase;
			buildActionMask = 2147483647;
			files = (
			);
			runOnlyForDeploymentPostprocessing = 0;
		};
		3FAE973227F604B000C8A240 /* Resources */ = {
			isa = PBXResourcesBuildPhase;
			buildActionMask = 2147483647;
			files = (
			);
			runOnlyForDeploymentPostprocessing = 0;
		};
/* End PBXResourcesBuildPhase section */

/* Begin PBXSourcesBuildPhase section */
		3FAE971027F604B000C8A240 /* Sources */ = {
			isa = PBXSourcesBuildPhase;
			buildActionMask = 2147483647;
			files = (
				3FAE971C27F604B000C8A240 /* ViewController.swift in Sources */,
				3FAE971827F604B000C8A240 /* AppDelegate.swift in Sources */,
				3FAE971A27F604B000C8A240 /* SceneDelegate.swift in Sources */,
			);
			runOnlyForDeploymentPostprocessing = 0;
		};
		3FAE972627F604B000C8A240 /* Sources */ = {
			isa = PBXSourcesBuildPhase;
			buildActionMask = 2147483647;
			files = (
				3FAE972F27F604B000C8A240 /* Kakunuri_WordGuessTests.swift in Sources */,
			);
			runOnlyForDeploymentPostprocessing = 0;
		};
		3FAE973027F604B000C8A240 /* Sources */ = {
			isa = PBXSourcesBuildPhase;
			buildActionMask = 2147483647;
			files = (
				3FAE973B27F604B000C8A240 /* Kakunuri_WordGuessUITestsLaunchTests.swift in Sources */,
				3FAE973927F604B000C8A240 /* Kakunuri_WordGuessUITests.swift in Sources */,
			);
			runOnlyForDeploymentPostprocessing = 0;
		};
/* End PBXSourcesBuildPhase section */

/* Begin PBXTargetDependency section */
		3FAE972C27F604B000C8A240 /* PBXTargetDependency */ = {
			isa = PBXTargetDependency;
			target = 3FAE971327F604B000C8A240 /* Kakunuri_WordGuess */;
			targetProxy = 3FAE972B27F604B000C8A240 /* PBXContainerItemProxy */;
		};
		3FAE973627F604B000C8A240 /* PBXTargetDependency */ = {
			isa = PBXTargetDependency;
			target = 3FAE971327F604B000C8A240 /* Kakunuri_WordGuess */;
			targetProxy = 3FAE973527F604B000C8A240 /* PBXContainerItemProxy */;
		};
/* End PBXTargetDependency section */

/* Begin PBXVariantGroup section */
		3FAE971D27F604B000C8A240 /* Main.storyboard */ = {
			isa = PBXVariantGroup;
			children = (
				3FAE971E27F604B000C8A240 /* Base */,
			);
			name = Main.storyboard;
			sourceTree = "<group>";
		};
		3FAE972227F604B000C8A240 /* LaunchScreen.storyboard */ = {
			isa = PBXVariantGroup;
			children = (
				3FAE972327F604B000C8A240 /* Base */,
			);
			name = LaunchScreen.storyboard;
			sourceTree = "<group>";
		};
/* End PBXVariantGroup section */

/* Begin XCBuildConfiguration section */
		3FAE973C27F604B000C8A240 /* Debug */ = {
			isa = XCBuildConfiguration;
			buildSettings = {
				ALWAYS_SEARCH_USER_PATHS = NO;
				CLANG_ANALYZER_NONNULL = YES;
				CLANG_ANALYZER_NUMBER_OBJECT_CONVERSION = YES_AGGRESSIVE;
				CLANG_CXX_LANGUAGE_STANDARD = "gnu++17";
				CLANG_CXX_LIBRARY = "libc++";
				CLANG_ENABLE_MODULES = YES;
				CLANG_ENABLE_OBJC_ARC = YES;
				CLANG_ENABLE_OBJC_WEAK = YES;
				CLANG_WARN_BLOCK_CAPTURE_AUTORELEASING = YES;
				CLANG_WARN_BOOL_CONVERSION = YES;
				CLANG_WARN_COMMA = YES;
				CLANG_WARN_CONSTANT_CONVERSION = YES;
				CLANG_WARN_DEPRECATED_OBJC_IMPLEMENTATIONS = YES;
				CLANG_WARN_DIRECT_OBJC_ISA_USAGE = YES_ERROR;
				CLANG_WARN_DOCUMENTATION_COMMENTS = YES;
				CLANG_WARN_EMPTY_BODY = YES;
				CLANG_WARN_ENUM_CONVERSION = YES;
				CLANG_WARN_INFINITE_RECURSION = YES;
				CLANG_WARN_INT_CONVERSION = YES;
				CLANG_WARN_NON_LITERAL_NULL_CONVERSION = YES;
				CLANG_WARN_OBJC_IMPLICIT_RETAIN_SELF = YES;
				CLANG_WARN_OBJC_LITERAL_CONVERSION = YES;
				CLANG_WARN_OBJC_ROOT_CLASS = YES_ERROR;
				CLANG_WARN_QUOTED_INCLUDE_IN_FRAMEWORK_HEADER = YES;
				CLANG_WARN_RANGE_LOOP_ANALYSIS = YES;
				CLANG_WARN_STRICT_PROTOTYPES = YES;
				CLANG_WARN_SUSPICIOUS_MOVE = YES;
				CLANG_WARN_UNGUARDED_AVAILABILITY = YES_AGGRESSIVE;
				CLANG_WARN_UNREACHABLE_CODE = YES;
				CLANG_WARN__DUPLICATE_METHOD_MATCH = YES;
				COPY_PHASE_STRIP = NO;
				DEBUG_INFORMATION_FORMAT = dwarf;
				ENABLE_STRICT_OBJC_MSGSEND = YES;
				ENABLE_TESTABILITY = YES;
				GCC_C_LANGUAGE_STANDARD = gnu11;
				GCC_DYNAMIC_NO_PIC = NO;
				GCC_NO_COMMON_BLOCKS = YES;
				GCC_OPTIMIZATION_LEVEL = 0;
				GCC_PREPROCESSOR_DEFINITIONS = (
					"DEBUG=1",
					"$(inherited)",
				);
				GCC_WARN_64_TO_32_BIT_CONVERSION = YES;
				GCC_WARN_ABOUT_RETURN_TYPE = YES_ERROR;
				GCC_WARN_UNDECLARED_SELECTOR = YES;
				GCC_WARN_UNINITIALIZED_AUTOS = YES_AGGRESSIVE;
				GCC_WARN_UNUSED_FUNCTION = YES;
				GCC_WARN_UNUSED_VARIABLE = YES;
				IPHONEOS_DEPLOYMENT_TARGET = 15.2;
				MTL_ENABLE_DEBUG_INFO = INCLUDE_SOURCE;
				MTL_FAST_MATH = YES;
				ONLY_ACTIVE_ARCH = YES;
				SDKROOT = iphoneos;
				SWIFT_ACTIVE_COMPILATION_CONDITIONS = DEBUG;
				SWIFT_OPTIMIZATION_LEVEL = "-Onone";
			};
			name = Debug;
		};
		3FAE973D27F604B000C8A240 /* Release */ = {
			isa = XCBuildConfiguration;
			buildSettings = {
				ALWAYS_SEARCH_USER_PATHS = NO;
				CLANG_ANALYZER_NONNULL = YES;
				CLANG_ANALYZER_NUMBER_OBJECT_CONVERSION = YES_AGGRESSIVE;
				CLANG_CXX_LANGUAGE_STANDARD = "gnu++17";
				CLANG_CXX_LIBRARY = "libc++";
				CLANG_ENABLE_MODULES = YES;
				CLANG_ENABLE_OBJC_ARC = YES;
				CLANG_ENABLE_OBJC_WEAK = YES;
				CLANG_WARN_BLOCK_CAPTURE_AUTORELEASING = YES;
				CLANG_WARN_BOOL_CONVERSION = YES;
				CLANG_WARN_COMMA = YES;
				CLANG_WARN_CONSTANT_CONVERSION = YES;
				CLANG_WARN_DEPRECATED_OBJC_IMPLEMENTATIONS = YES;
				CLANG_WARN_DIRECT_OBJC_ISA_USAGE = YES_ERROR;
				CLANG_WARN_DOCUMENTATION_COMMENTS = YES;
				CLANG_WARN_EMPTY_BODY = YES;
				CLANG_WARN_ENUM_CONVERSION = YES;
				CLANG_WARN_INFINITE_RECURSION = YES;
				CLANG_WARN_INT_CONVERSION = YES;
				CLANG_WARN_NON_LITERAL_NULL_CONVERSION = YES;
				CLANG_WARN_OBJC_IMPLICIT_RETAIN_SELF = YES;
				CLANG_WARN_OBJC_LITERAL_CONVERSION = YES;
				CLANG_WARN_OBJC_ROOT_CLASS = YES_ERROR;
				CLANG_WARN_QUOTED_INCLUDE_IN_FRAMEWORK_HEADER = YES;
				CLANG_WARN_RANGE_LOOP_ANALYSIS = YES;
				CLANG_WARN_STRICT_PROTOTYPES = YES;
				CLANG_WARN_SUSPICIOUS_MOVE = YES;
				CLANG_WARN_UNGUARDED_AVAILABILITY = YES_AGGRESSIVE;
				CLANG_WARN_UNREACHABLE_CODE = YES;
				CLANG_WARN__DUPLICATE_METHOD_MATCH = YES;
				COPY_PHASE_STRIP = NO;
				DEBUG_INFORMATION_FORMAT = "dwarf-with-dsym";
				ENABLE_NS_ASSERTIONS = NO;
				ENABLE_STRICT_OBJC_MSGSEND = YES;
				GCC_C_LANGUAGE_STANDARD = gnu11;
				GCC_NO_COMMON_BLOCKS = YES;
				GCC_WARN_64_TO_32_BIT_CONVERSION = YES;
				GCC_WARN_ABOUT_RETURN_TYPE = YES_ERROR;
				GCC_WARN_UNDECLARED_SELECTOR = YES;
				GCC_WARN_UNINITIALIZED_AUTOS = YES_AGGRESSIVE;
				GCC_WARN_UNUSED_FUNCTION = YES;
				GCC_WARN_UNUSED_VARIABLE = YES;
				IPHONEOS_DEPLOYMENT_TARGET = 15.2;
				MTL_ENABLE_DEBUG_INFO = NO;
				MTL_FAST_MATH = YES;
				SDKROOT = iphoneos;
				SWIFT_COMPILATION_MODE = wholemodule;
				SWIFT_OPTIMIZATION_LEVEL = "-O";
				VALIDATE_PRODUCT = YES;
			};
			name = Release;
		};
		3FAE973F27F604B000C8A240 /* Debug */ = {
			isa = XCBuildConfiguration;
			buildSettings = {
				ASSETCATALOG_COMPILER_APPICON_NAME = AppIcon;
				ASSETCATALOG_COMPILER_GLOBAL_ACCENT_COLOR_NAME = AccentColor;
				CODE_SIGN_STYLE = Automatic;
				CURRENT_PROJECT_VERSION = 1;
				GENERATE_INFOPLIST_FILE = YES;
				INFOPLIST_FILE = Kakunuri_WordGuess/Info.plist;
				INFOPLIST_KEY_UIApplicationSupportsIndirectInputEvents = YES;
				INFOPLIST_KEY_UILaunchStoryboardName = LaunchScreen;
				INFOPLIST_KEY_UIMainStoryboardFile = Main;
				INFOPLIST_KEY_UISupportedInterfaceOrientations_iPad = "UIInterfaceOrientationPortrait UIInterfaceOrientationPortraitUpsideDown UIInterfaceOrientationLandscapeLeft UIInterfaceOrientationLandscapeRight";
				INFOPLIST_KEY_UISupportedInterfaceOrientations_iPhone = "UIInterfaceOrientationPortrait UIInterfaceOrientationLandscapeLeft UIInterfaceOrientationLandscapeRight";
				LD_RUNPATH_SEARCH_PATHS = (
					"$(inherited)",
					"@executable_path/Frameworks",
				);
				MARKETING_VERSION = 1.0;
				PRODUCT_BUNDLE_IDENTIFIER = "nwmsu.Kakunuri-WordGuess";
				PRODUCT_NAME = "$(TARGET_NAME)";
				SWIFT_EMIT_LOC_STRINGS = YES;
				SWIFT_VERSION = 5.0;
				TARGETED_DEVICE_FAMILY = "1,2";
			};
			name = Debug;
		};
		3FAE974027F604B000C8A240 /* Release */ = {
			isa = XCBuildConfiguration;
			buildSettings = {
				ASSETCATALOG_COMPILER_APPICON_NAME = AppIcon;
				ASSETCATALOG_COMPILER_GLOBAL_ACCENT_COLOR_NAME = AccentColor;
				CODE_SIGN_STYLE = Automatic;
				CURRENT_PROJECT_VERSION = 1;
				GENERATE_INFOPLIST_FILE = YES;
				INFOPLIST_FILE = Kakunuri_WordGuess/Info.plist;
				INFOPLIST_KEY_UIApplicationSupportsIndirectInputEvents = YES;
				INFOPLIST_KEY_UILaunchStoryboardName = LaunchScreen;
				INFOPLIST_KEY_UIMainStoryboardFile = Main;
				INFOPLIST_KEY_UISupportedInterfaceOrientations_iPad = "UIInterfaceOrientationPortrait UIInterfaceOrientationPortraitUpsideDown UIInterfaceOrientationLandscapeLeft UIInterfaceOrientationLandscapeRight";
				INFOPLIST_KEY_UISupportedInterfaceOrientations_iPhone = "UIInterfaceOrientationPortrait UIInterfaceOrientationLandscapeLeft UIInterfaceOrientationLandscapeRight";
				LD_RUNPATH_SEARCH_PATHS = (
					"$(inherited)",
					"@executable_path/Frameworks",
				);
				MARKETING_VERSION = 1.0;
				PRODUCT_BUNDLE_IDENTIFIER = "nwmsu.Kakunuri-WordGuess";
				PRODUCT_NAME = "$(TARGET_NAME)";
				SWIFT_EMIT_LOC_STRINGS = YES;
				SWIFT_VERSION = 5.0;
				TARGETED_DEVICE_FAMILY = "1,2";
			};
			name = Release;
		};
		3FAE974227F604B000C8A240 /* Debug */ = {
			isa = XCBuildConfiguration;
			buildSettings = {
				ALWAYS_EMBED_SWIFT_STANDARD_LIBRARIES = YES;
				BUNDLE_LOADER = "$(TEST_HOST)";
				CODE_SIGN_STYLE = Automatic;
				CURRENT_PROJECT_VERSION = 1;
				GENERATE_INFOPLIST_FILE = YES;
				IPHONEOS_DEPLOYMENT_TARGET = 15.2;
				MARKETING_VERSION = 1.0;
				PRODUCT_BUNDLE_IDENTIFIER = "nwmsu.Kakunuri-WordGuessTests";
				PRODUCT_NAME = "$(TARGET_NAME)";
				SWIFT_EMIT_LOC_STRINGS = NO;
				SWIFT_VERSION = 5.0;
				TARGETED_DEVICE_FAMILY = "1,2";
				TEST_HOST = "$(BUILT_PRODUCTS_DIR)/Kakunuri_WordGuess.app/Kakunuri_WordGuess";
			};
			name = Debug;
		};
		3FAE974327F604B000C8A240 /* Release */ = {
			isa = XCBuildConfiguration;
			buildSettings = {
				ALWAYS_EMBED_SWIFT_STANDARD_LIBRARIES = YES;
				BUNDLE_LOADER = "$(TEST_HOST)";
				CODE_SIGN_STYLE = Automatic;
				CURRENT_PROJECT_VERSION = 1;
				GENERATE_INFOPLIST_FILE = YES;
				IPHONEOS_DEPLOYMENT_TARGET = 15.2;
				MARKETING_VERSION = 1.0;
				PRODUCT_BUNDLE_IDENTIFIER = "nwmsu.Kakunuri-WordGuessTests";
				PRODUCT_NAME = "$(TARGET_NAME)";
				SWIFT_EMIT_LOC_STRINGS = NO;
				SWIFT_VERSION = 5.0;
				TARGETED_DEVICE_FAMILY = "1,2";
				TEST_HOST = "$(BUILT_PRODUCTS_DIR)/Kakunuri_WordGuess.app/Kakunuri_WordGuess";
			};
			name = Release;
		};
		3FAE974527F604B000C8A240 /* Debug */ = {
			isa = XCBuildConfiguration;
			buildSettings = {
				ALWAYS_EMBED_SWIFT_STANDARD_LIBRARIES = YES;
				CODE_SIGN_STYLE = Automatic;
				CURRENT_PROJECT_VERSION = 1;
				GENERATE_INFOPLIST_FILE = YES;
				MARKETING_VERSION = 1.0;
				PRODUCT_BUNDLE_IDENTIFIER = "nwmsu.Kakunuri-WordGuessUITests";
				PRODUCT_NAME = "$(TARGET_NAME)";
				SWIFT_EMIT_LOC_STRINGS = NO;
				SWIFT_VERSION = 5.0;
				TARGETED_DEVICE_FAMILY = "1,2";
				TEST_TARGET_NAME = Kakunuri_WordGuess;
			};
			name = Debug;
		};
		3FAE974627F604B000C8A240 /* Release */ = {
			isa = XCBuildConfiguration;
			buildSettings = {
				ALWAYS_EMBED_SWIFT_STANDARD_LIBRARIES = YES;
				CODE_SIGN_STYLE = Automatic;
				CURRENT_PROJECT_VERSION = 1;
				GENERATE_INFOPLIST_FILE = YES;
				MARKETING_VERSION = 1.0;
				PRODUCT_BUNDLE_IDENTIFIER = "nwmsu.Kakunuri-WordGuessUITests";
				PRODUCT_NAME = "$(TARGET_NAME)";
				SWIFT_EMIT_LOC_STRINGS = NO;
				SWIFT_VERSION = 5.0;
				TARGETED_DEVICE_FAMILY = "1,2";
				TEST_TARGET_NAME = Kakunuri_WordGuess;
			};
			name = Release;
		};
/* End XCBuildConfiguration section */

/* Begin XCConfigurationList section */
		3FAE970F27F604B000C8A240 /* Build configuration list for PBXProject "Kakunuri_WordGuess" */ = {
			isa = XCConfigurationList;
			buildConfigurations = (
				3FAE973C27F604B000C8A240 /* Debug */,
				3FAE973D27F604B000C8A240 /* Release */,
			);
			defaultConfigurationIsVisible = 0;
			defaultConfigurationName = Release;
		};
		3FAE973E27F604B000C8A240 /* Build configuration list for PBXNativeTarget "Kakunuri_WordGuess" */ = {
			isa = XCConfigurationList;
			buildConfigurations = (
				3FAE973F27F604B000C8A240 /* Debug */,
				3FAE974027F604B000C8A240 /* Release */,
			);
			defaultConfigurationIsVisible = 0;
			defaultConfigurationName = Release;
		};
		3FAE974127F604B000C8A240 /* Build configuration list for PBXNativeTarget "Kakunuri_WordGuessTests" */ = {
			isa = XCConfigurationList;
			buildConfigurations = (
				3FAE974227F604B000C8A240 /* Debug */,
				3FAE974327F604B000C8A240 /* Release */,
			);
			defaultConfigurationIsVisible = 0;
			defaultConfigurationName = Release;
		};
		3FAE974427F604B000C8A240 /* Build configuration list for PBXNativeTarget "Kakunuri_WordGuessUITests" */ = {
			isa = XCConfigurationList;
			buildConfigurations = (
				3FAE974527F604B000C8A240 /* Debug */,
				3FAE974627F604B000C8A240 /* Release */,
			);
			defaultConfigurationIsVisible = 0;
			defaultConfigurationName = Release;
		};
/* End XCConfigurationList section */
	};
	rootObject = 3FAE970C27F604B000C8A240 /* Project object */;
}
